PODS:
  - Flutter (1.0.0)
  - flutter_reactive_ble (0.0.1):
    - Flutter
    - Protobuf (~> 3.5)
    - SwiftProtobuf (~> 1.0)
  - "permission_handler (5.1.0+2)":
    - Flutter
  - Protobuf (3.14.0)
  - SwiftProtobuf (1.14.0)

DEPENDENCIES:
  - Flutter (from `Flutter`)
  - flutter_reactive_ble (from `.symlinks/plugins/flutter_reactive_ble/ios`)
  - permission_handler (from `.symlinks/plugins/permission_handler/ios`)

SPEC REPOS:
  trunk:
    - Protobuf
    - SwiftProtobuf

EXTERNAL SOURCES:
  Flutter:
    :path: Flutter
  flutter_reactive_ble:
    :path: ".symlinks/plugins/flutter_reactive_ble/ios"
  permission_handler:
    :path: ".symlinks/plugins/permission_handler/ios"

SPEC CHECKSUMS:
  Flutter: 434fef37c0980e73bb6479ef766c45957d4b510c
  flutter_reactive_ble: ac0ccac596f481b221549cad2abe16987e1f411b
  permission_handler: ccb20a9fad0ee9b1314a52b70b76b473c5f8dab0
  Protobuf: 0cde852566359049847168e51bd1c690e0f70056
  SwiftProtobuf: ed465ed18402f998fd117f631da27e0168e6b59c

PODFILE CHECKSUM: aafe91acc616949ddb318b77800a7f51bffa2a4c

COCOAPODS: 1.10.0
