PODS:
  - Flutter (1.0.0)
  - flutter_reactive_ble (0.0.1):
    - Flutter
    - Protobuf (~> 3.5)
    - SwiftProtobuf (~> 1.0)
  - "permission_handler (5.0.1+1)":
    - Flutter
  - Protobuf (3.11.4)
  - SwiftProtobuf (1.10.2)

DEPENDENCIES:
  - Flutter (from `Flutter`)
  - flutter_reactive_ble (from `.symlinks/plugins/flutter_reactive_ble/ios`)
  - permission_handler (from `.symlinks/plugins/permission_handler/ios`)

SPEC REPOS:
  trunk:
    - Protobuf
    - SwiftProtobuf

EXTERNAL SOURCES:
  Flutter:
    :path: Flutter
  flutter_reactive_ble:
    :path: ".symlinks/plugins/flutter_reactive_ble/ios"
  permission_handler:
    :path: ".symlinks/plugins/permission_handler/ios"

SPEC CHECKSUMS:
  Flutter: 0e3d915762c693b495b44d77113d4970485de6ec
  flutter_reactive_ble: c94c6cc709a808656e1963c828663b2536c72010
  permission_handler: eac8e15b4a1a3fba55b761d19f3f4e6b005d15b6
  Protobuf: 176220c526ad8bd09ab1fb40a978eac3fef665f7
  SwiftProtobuf: bec1ae7d686ff73dd09d79866154f4970b891410

PODFILE CHECKSUM: c34e2287a9ccaa606aeceab922830efb9a6ff69a

COCOAPODS: 1.9.1
